# THIS IS AN AUTOGENERATED FILE. DO NOT EDIT THIS FILE DIRECTLY.
# yarn lockfile v1


"@remotion/captions@^4.0.466":
  version "4.0.466"
  resolved "https://registry.npmjs.org/@remotion/captions/-/captions-4.0.466.tgz"
  integrity sha512-gu9yST4jH5sZsYupMw5qaEX282qvF1drd7Vi6AW25IHrcqH+xapJQVcFWKuI8vgzzUGnFgEnxVRyqYGjH//xkQ==

"@remotion/google-fonts@^4.0.466":
  version "4.0.466"
  resolved "https://registry.npmjs.org/@remotion/google-fonts/-/google-fonts-4.0.466.tgz"
  integrity sha512-D8l1A87XhVxe4h2vK/ND5CDVaAcI1JQYohHnxXF9a4YlfrdmFluaira1c3t18P7T2PCaSOCo7d5c0F4/qjzYpw==
  dependencies:
    remotion "4.0.466"

"@remotion/light-leaks@^4.0.466":
  version "4.0.466"
  resolved "https://registry.npmjs.org/@remotion/light-leaks/-/light-leaks-4.0.466.tgz"
  integrity sha512-kRCz/f6X8f1QlgZR+o+Lnu/zW3d8N4RKEvxGCqzoY1J/6LJfmHvp9M4Yi6DayYgQijjkCf+Q3PMp5bBSG1pjXg==
  dependencies:
    remotion "4.0.466"
    zod "4.3.6"

"@remotion/media-utils@^4.0.466":
  version "4.0.466"
  resolved "https://registry.npmjs.org/@remotion/media-utils/-/media-utils-4.0.466.tgz"
  integrity sha512-WZTl5ritS6p8ijeksEs2mQhgXFybrDwlamJObRBcM/1Yh9/4mgRJebg9RQwDSvOjNwMqZuJQke/MGmcKyhXCXA==
  dependencies:
    mediabunny "1.45.0"
    remotion "4.0.466"

"@remotion/noise@^4.0.466":
  version "4.0.466"
  resolved "https://registry.npmjs.org/@remotion/noise/-/noise-4.0.466.tgz"
  integrity sha512-SV27Om43Unk3g4zY+D5944+MT7sfDkLJhehycM8/kNJkhSxjWtOebFjzlIJf6bXjhcUGqROdG57BjUVubJ8FCQ==
  dependencies:
    remotion "4.0.466"
    simplex-noise "4.0.1"

"@remotion/paths@4.0.466":
  version "4.0.466"
  resolved "https://registry.npmjs.org/@remotion/paths/-/paths-4.0.466.tgz"
  integrity sha512-a8JDAgEuKqh7XMUCWaFi2jp0wKSjUV/VxxV81dbHJiyQddMUS1pNR3V0DoU+Zx2iL6Q63gz+pyJTp1FoJjT7Pw==

"@remotion/shapes@4.0.466":
  version "4.0.466"
  resolved "https://registry.npmjs.org/@remotion/shapes/-/shapes-4.0.466.tgz"
  integrity sha512-JcxVgAWgHs9ck4O5u/GFFbTaINxxqZ8JedBQnfni75jL7cy6DKZxkA+gMQUuckW93ZA5Sn+C+2RoOe4SzKgfyA==
  dependencies:
    "@remotion/paths" "4.0.466"

"@remotion/transitions@^4.0.466":
  version "4.0.466"
  resolved "https://registry.npmjs.org/@remotion/transitions/-/transitions-4.0.466.tgz"
  integrity sha512-DLySpBcf0IGB3EcKJyhSv9uprSg9+XvGos7Y7FM3F7x5gPl6tX9jauvRHGZOz6VNriqGgjyhAPtmGRiH5lz1tA==
  dependencies:
    "@remotion/paths" "4.0.466"
    "@remotion/shapes" "4.0.466"
    remotion "4.0.466"

"@types/dom-mediacapture-transform@^0.1.11":
  version "0.1.11"
  resolved "https://registry.npmjs.org/@types/dom-mediacapture-transform/-/dom-mediacapture-transform-0.1.11.tgz"
  integrity sha512-Y2p+nGf1bF2XMttBnsVPHUWzRRZzqUoJAKmiP10b5umnO6DDrWI0BrGDJy1pOHoOULVmGSfFNkQrAlC5dcj6nQ==
  dependencies:
    "@types/dom-webcodecs" "*"

"@types/dom-webcodecs@*", "@types/dom-webcodecs@0.1.13":
  version "0.1.13"
  resolved "https://registry.npmjs.org/@types/dom-webcodecs/-/dom-webcodecs-0.1.13.tgz"
  integrity sha512-O5hkiFIcjjszPIYyUSyvScyvrBoV3NOEEZx/pMlsu44TKzWNkLVBBxnxJz42in5n3QIolYOcBYFCPZZ0h8SkwQ==

"@types/prop-types@*":
  version "15.7.15"
  resolved "https://registry.npmjs.org/@types/prop-types/-/prop-types-15.7.15.tgz"
  integrity sha512-F6bEyamV9jKGAFBEmlQnesRPGOQqS2+Uwi0Em15xenOxHaf2hv6L8YCVn3rPdPJOiJfPiCnLIRyvwVaqMY3MIw==

"@types/react-dom@^18.0.0":
  version "18.3.7"
  resolved "https://registry.npmjs.org/@types/react-dom/-/react-dom-18.3.7.tgz"
  integrity sha512-MEe3UeoENYVFXzoXEWsvcpg6ZvlrFNlOQ7EOsvhI3CfAXwzPfO8Qwuxd40nepsYKqyyVQnTdEfv68q91yLcKrQ==

"@types/react@^18.0.0":
  version "18.3.29"
  resolved "https://registry.npmjs.org/@types/react/-/react-18.3.29.tgz"
  integrity sha512-ch0qJdr2JY0r04NXSprbK6TXOgnaJ1Tz23fm5W+z0/CBah6BSBc3n96h7K9GOtwh0HrilNWHIBzE1Ko4Dcw/Wg==
  dependencies:
    "@types/prop-types" "*"
    csstype "^3.2.2"

csstype@^3.2.2:
  version "3.2.3"
  resolved "https://registry.npmjs.org/csstype/-/csstype-3.2.3.tgz"
  integrity sha512-z1HGKcYy2xA8AGQfwrn0PAy+PB7X/GSj3UVJW9qKyn43xWa+gl5nXmU4qqLMRzWVLFC8KusUX8T/0kCiOYpAIQ==

"js-tokens@^3.0.0 || ^4.0.0":
  version "4.0.0"
  resolved "https://registry.npmjs.org/js-tokens/-/js-tokens-4.0.0.tgz"
  integrity sha512-RdJUflcE3cUzKiMqQgsCu06FPu9UdIJO0beYbPhHN4k6apgJtifcoCtT9bcxOpYBtpD2kCM6Sbzg4CausW/PKQ==

loose-envify@^1.1.0:
  version "1.4.0"
  resolved "https://registry.npmjs.org/loose-envify/-/loose-envify-1.4.0.tgz"
  integrity sha512-lyuxPGr/Wfhrlem2CL/UcnUc1zcqKAImBDzukY7Y5F/yQiNdko6+fRLevlw1HgMySw7f611UIY408EtxRSoK3Q==
  dependencies:
    js-tokens "^3.0.0 || ^4.0.0"

lucide-react@^1.16.0:
  version "1.16.0"
  resolved "https://registry.npmjs.org/lucide-react/-/lucide-react-1.16.0.tgz"
  integrity sha512-dYwyPzb4MEKpGUmNYk3WKWPnMrHs3FKM+q94kAnJrcDIqqn1hq2xY8scaS2ovsOCM5D51ey2gaRG3PBb1vgoYQ==

mediabunny@1.45.0:
  version "1.45.0"
  resolved "https://registry.npmjs.org/mediabunny/-/mediabunny-1.45.0.tgz"
  integrity sha512-oK3sMMYbucoF6LUX62L/2M9d+p9ve6KDQgL87kNfhsB0/XmTe9iRLUcgQgg9Gpgvi8Sb96zYfOUL6i17y0bdNg==
  dependencies:
    "@types/dom-mediacapture-transform" "^0.1.11"
    "@types/dom-webcodecs" "0.1.13"

react-dom@^18.2.0, react-dom@>=16.8.0:
  version "18.3.1"
  resolved "https://registry.npmjs.org/react-dom/-/react-dom-18.3.1.tgz"
  integrity sha512-5m4nQKp+rZRb09LNH59GM4BxTh9251/ylbKIbpe7TpGxfJ+9kv6BLkLBXIjjspbgbnIBNqlI23tRnTWT0snUIw==
  dependencies:
    loose-envify "^1.1.0"
    scheduler "^0.23.2"

"react@^16.5.1 || ^17.0.0 || ^18.0.0 || ^19.0.0", react@^18.2.0, react@^18.3.1, react@>=16.8.0:
  version "18.3.1"
  resolved "https://registry.npmjs.org/react/-/react-18.3.1.tgz"
  integrity sha512-wS+hAgJShR0KhEvPJArfuPVN1+Hz1t0Y6n5jLrGQbkb4urgPE/0Rve+1kMB1v/oWgHgm4WIcV+i7F2pTVj+2iQ==
  dependencies:
    loose-envify "^1.1.0"

remotion@^4.0.0, remotion@4.0.466:
  version "4.0.466"
  resolved "https://registry.npmjs.org/remotion/-/remotion-4.0.466.tgz"
  integrity sha512-8b4xQssIN8QWazi3udvpuhesgj2O8tXj596BSEzpDwCZE4lofIO57NmwUOovfcMaVdARITcI9tw8CxNOvBpORw==

scheduler@^0.23.2:
  version "0.23.2"
  resolved "https://registry.npmjs.org/scheduler/-/scheduler-0.23.2.tgz"
  integrity sha512-UOShsPwz7NrMUqhR6t0hWjFduvOzbtv7toDH1/hIrfRNIDBnnBWd0CwJTGvTpngVlmwGCdP9/Zl/tVrDqcuYzQ==
  dependencies:
    loose-envify "^1.1.0"

simplex-noise@4.0.1:
  version "4.0.1"
  resolved "https://registry.npmjs.org/simplex-noise/-/simplex-noise-4.0.1.tgz"
  integrity sha512-zl/+bdSqW7HJOQ0oDbxrNYaF4F5ik0i7M6YOYmEoIJNtg16NpvWaTTM1Y7oV/7T0jFljawLgYPS81Uu2rsfo1A==

typescript@^4.9.0:
  version "4.9.5"
  resolved "https://registry.npmjs.org/typescript/-/typescript-4.9.5.tgz"
  integrity sha512-1FXk9E2Hm+QzZQ7z+McJiHL4NW1F2EzMu9Nq9i3zAaGqibafqYwCVU6WyWAuyQRRzOlxou8xZSyXLEN8oKj24g==

zod@4.3.6:
  version "4.3.6"
  resolved "https://registry.npmjs.org/zod/-/zod-4.3.6.tgz"
  integrity sha512-rftlrkhHZOcjDwkGlnUtZZkvaPHCsDATp4pGpuOOMDaTdDDXF91wuVDJoWoPsKX/3YPQ5fHuF3STjcYyKr+Qhg==
